
Microsoft Visual Studio Solution File, Format Version 12.00
# Visual Studio 15
VisualStudioVersion = 15.0.28307.1758
MinimumVisualStudioVersion = 10.0.40219.1
Project("{FAE04EC0-301F-11D3-BF4B-00C04F79EFBC}") = "Polymophism1", "Polymophism1\Polymophism1.csproj", "{6049DB45-5ABE-48A1-9982-3E58D1642AF3}"
EndProject
Global
	GlobalSection(SolutionConfigurationPlatforms) = preSolution
		Debug|Any CPU = Debug|Any CPU
		Release|Any CPU = Release|Any CPU
	EndGlobalSection
	GlobalSection(ProjectConfigurationPlatforms) = postSolution
		{6049DB45-5ABE-48A1-9982-3E58D1642AF3}.Debug|Any CPU.ActiveCfg = Debug|Any CPU
		{6049DB45-5ABE-48A1-9982-3E58D1642AF3}.Debug|Any CPU.Build.0 = Debug|Any CPU
		{6049DB45-5ABE-48A1-9982-3E58D1642AF3}.Release|Any CPU.ActiveCfg = Release|Any CPU
		{6049DB45-5ABE-48A1-9982-3E58D1642AF3}.Release|Any CPU.Build.0 = Release|Any CPU
	EndGlobalSection
	GlobalSection(SolutionProperties) = preSolution
		HideSolutionNode = FALSE
	EndGlobalSection
	GlobalSection(ExtensibilityGlobals) = postSolution
		SolutionGuid = {C76835D5-1C58-4043-93EA-48CA4CDD7B8E}
	EndGlobalSection
EndGlobal
